# appenv-requirements-hash: daf79b26f7ccd6bbcd17f615da0bd54a5102bda6afe201feec418f13f0142655
Authlib==1.6.5
Deprecated==1.3.1
EasyModbus==2.0.1
EasyModbusSilaaCooling==1.0.6
PyViCare==2.54.0
SQLAlchemy==1.4.0
aiohappyeyeballs==2.6.1
aiohttp==3.13.2
aiosignal==1.4.0
annotated-types==0.7.0
anyio==4.11.0
attrs==25.4.0
backoff==2.2.1
certifi==2025.11.12
cffi==2.0.0
charset-normalizer==3.4.4
chump==1.6.0
click==8.3.0
cryptography==46.0.3
decorator==5.2.1
frozenlist==1.8.0
gocept.cache==4.0
greenlet==3.2.4
h11==0.16.0
httpcore==1.0.9
httpx==0.28.1
hue-py==0.2.1
idna==3.11
influxdb==5.3.2
libtado==4.0.0
lnetatmo==4.0.0
msgpack==1.1.2
multidict==6.7.0
oauthlib==3.3.1
paho-mqtt==1.5.1
propcache==0.4.1
psycopg2-binary==2.9.11
py-smart-gardena==1.3.17
pycparser==2.23
pydantic==2.12.4
pydantic_core==2.41.5
pymodbus==2.4.0
pyserial==3.5
python-dateutil==2.9.0.post0
pytz==2025.2
requests==2.31.0
rss-parser==2.1.1
setuptools==80.9.0
six==1.17.0
sniffio==1.3.1
structlog==23.1.0
transaction==5.0
typing-inspection==0.4.2
typing_extensions==4.15.0
urllib3==2.5.0
webcolors==25.10.0
websockets==15.0.1
wrapt==2.0.1
xmltodict==0.13.0
yarl==1.22.0
zope.interface==8.1
zope.testing==6.0
